
Microsoft Visual Studio Solution File, Format Version 12.00
# Visual Studio Version 17
VisualStudioVersion = 17.4.33110.190
MinimumVisualStudioVersion = 10.0.40219.1
Project("{FAE04EC0-301F-11D3-BF4B-00C04F79EFBC}") = "CryptoPortfolio", "CryptoPortfolio\CryptoPortfolio.csproj", "{6E73740A-9D5D-4A6C-B633-C0E0B9B478CA}"
EndProject
Global
	GlobalSection(SolutionConfigurationPlatforms) = preSolution
		Debug|Any CPU = Debug|Any CPU
		Release|Any CPU = Release|Any CPU
	EndGlobalSection
	GlobalSection(ProjectConfigurationPlatforms) = postSolution
		{6E73740A-9D5D-4A6C-B633-C0E0B9B478CA}.Debug|Any CPU.ActiveCfg = Debug|Any CPU
		{6E73740A-9D5D-4A6C-B633-C0E0B9B478CA}.Debug|Any CPU.Build.0 = Debug|Any CPU
		{6E73740A-9D5D-4A6C-B633-C0E0B9B478CA}.Release|Any CPU.ActiveCfg = Release|Any CPU
		{6E73740A-9D5D-4A6C-B633-C0E0B9B478CA}.Release|Any CPU.Build.0 = Release|Any CPU
	EndGlobalSection
	GlobalSection(SolutionProperties) = preSolution
		HideSolutionNode = FALSE
	EndGlobalSection
	GlobalSection(ExtensibilityGlobals) = postSolution
		SolutionGuid = {91C3066E-B9FD-4C4E-B0C5-431E4C464484}
	EndGlobalSection
EndGlobal
